
Microsoft Visual Studio Solution File, Format Version 12.00
# Visual Studio Version 16
VisualStudioVersion = 16.0.30804.86
MinimumVisualStudioVersion = 10.0.40219.1
Project("{FAE04EC0-301F-11D3-BF4B-00C04F79EFBC}") = "WebApplication4", "WebApplication4\WebApplication4.csproj", "{D3E1110E-C630-41AB-918C-36530E81BA01}"
EndProject
Global
	GlobalSection(SolutionConfigurationPlatforms) = preSolution
		Debug|Any CPU = Debug|Any CPU
		Release|Any CPU = Release|Any CPU
	EndGlobalSection
	GlobalSection(ProjectConfigurationPlatforms) = postSolution
		{D3E1110E-C630-41AB-918C-36530E81BA01}.Debug|Any CPU.ActiveCfg = Debug|Any CPU
		{D3E1110E-C630-41AB-918C-36530E81BA01}.Debug|Any CPU.Build.0 = Debug|Any CPU
		{D3E1110E-C630-41AB-918C-36530E81BA01}.Release|Any CPU.ActiveCfg = Release|Any CPU
		{D3E1110E-C630-41AB-918C-36530E81BA01}.Release|Any CPU.Build.0 = Release|Any CPU
	EndGlobalSection
	GlobalSection(SolutionProperties) = preSolution
		HideSolutionNode = FALSE
	EndGlobalSection
	GlobalSection(ExtensibilityGlobals) = postSolution
		SolutionGuid = {2D7B03EA-6672-4405-B0DC-0E527073D0E4}
	EndGlobalSection
EndGlobal
